github.com/milvus-io/milvus-proto/go-api/v2 v2.6.6-0.20260304062516-e7e54d966ef2/go.mod h1:/6UT4zZl6awVeXLeE7UGDWZvXj3IWkRsh3mqsn0DiAs=
github.com/milvus-io/milvus-proto/go-api/v2 v2.6.6-0.20260323081523-53649783989c/go.mod h1:/6UT4zZl6awVeXLeE7UGDWZvXj3IWkRsh3mqsn0DiAs=
google.golang.org/grpc v1.71.0/go.mod h1:H0GRtasmQOh9LkFoCPDu3ZrwUtD1YGE+b2vYBYd/8Ec=
google.golang.org/grpc v1.79.3/go.mod h1:KmT0Kjez+0dde/v2j9vzwoAScgEPx/Bw1CYChhHLrHQ=
